
Microsoft Visual Studio Solution File, Format Version 12.00
# Visual Studio Version 17
VisualStudioVersion = 17.9.34714.143
MinimumVisualStudioVersion = 10.0.40219.1
Project("{FAE04EC0-301F-11D3-BF4B-00C04F79EFBC}") = "Arbeidskrav", "Arbeidskrav\api\Arbeidskrav.csproj", "{7EA93DD6-85F3-4BD1-81BE-8729911F2899}"
EndProject
Global
	GlobalSection(SolutionConfigurationPlatforms) = preSolution
		Debug|Any CPU = Debug|Any CPU
		Release|Any CPU = Release|Any CPU
	EndGlobalSection
	GlobalSection(ProjectConfigurationPlatforms) = postSolution
		{7EA93DD6-85F3-4BD1-81BE-8729911F2899}.Debug|Any CPU.ActiveCfg = Debug|Any CPU
		{7EA93DD6-85F3-4BD1-81BE-8729911F2899}.Debug|Any CPU.Build.0 = Debug|Any CPU
		{7EA93DD6-85F3-4BD1-81BE-8729911F2899}.Release|Any CPU.ActiveCfg = Release|Any CPU
		{7EA93DD6-85F3-4BD1-81BE-8729911F2899}.Release|Any CPU.Build.0 = Release|Any CPU
	EndGlobalSection
	GlobalSection(SolutionProperties) = preSolution
		HideSolutionNode = FALSE
	EndGlobalSection
	GlobalSection(ExtensibilityGlobals) = postSolution
		SolutionGuid = {1772344E-5BF6-45D5-9CE7-AD9B0EA76D70}
	EndGlobalSection
EndGlobal
